<Solution>
  <Project Path="JMAP.Net/JMAP.Net.csproj" />
  <Project Path="JMAP.Net.Hosting/JMAP.Net.Hosting.csproj" />
  <Project Path="JMAP.Net.Tests/JMAP.Net.Tests.csproj" />
  <Project Path="JMAP.Net.TestServer/JMAP.Net.TestServer.csproj" />
  <Project Path="JMAP.TestSuite/JMAP.TestSuite.csproj" />
</Solution>
